<?xml version="1.0" encoding="utf-8"?>
<Project ToolsVersion="4.0" xmlns="http://schemas.microsoft.com/developer/msbuild/2003">
  <ItemGroup>
    <Filter Include="소스 파일">
      <UniqueIdentifier>{4FC737F1-C7A5-4376-A066-2A32D752A2FF}</UniqueIdentifier>
      <Extensions>cpp;c;cc;cxx;def;odl;idl;hpj;bat;asm;asmx</Extensions>
    </Filter>
    <Filter Include="헤더 파일">
      <UniqueIdentifier>{93995380-89BD-4b04-88EB-625FBE52EBFB}</UniqueIdentifier>
      <Extensions>h;hh;hpp;hxx;hm;inl;inc;ipp;xsd</Extensions>
    </Filter>
    <Filter Include="리소스 파일">
      <UniqueIdentifier>{67DA6AB6-F800-4c08-8B7A-83BB121AAD01}</UniqueIdentifier>
      <Extensions>rc;ico;cur;bmp;dlg;rc2;rct;bin;rgs;gif;jpg;jpeg;jpe;resx;tiff;tif;png;wav;mfcribbon-ms</Extensions>
    </Filter>
    <Filter Include="헤더 파일\Mechanic">
      <UniqueIdentifier>{3d6f0e33-ba56-4bf6-bf71-f702cd4aca58}</UniqueIdentifier>
    </Filter>
    <Filter Include="소스 파일\Mechainc">
      <UniqueIdentifier>{fc202cb3-d05d-44f6-94dd-ac2e64a4839f}</UniqueIdentifier>
    </Filter>
    <Filter Include="헤더 파일\Barracks">
      <UniqueIdentifier>{e46be1a2-58be-4507-af3f-a88bfea692ad}</UniqueIdentifier>
    </Filter>
    <Filter Include="소스 파일\Barracks">
      <UniqueIdentifier>{9170556c-1c79-4771-a881-2704bf288a6b}</UniqueIdentifier>
    </Filter>
  </ItemGroup>
  <ItemGroup>
    <ClCompile Include="Solution.cpp">
      <Filter>소스 파일</Filter>
    </ClCompile>
    <ClCompile Include="Camera.cpp">
      <Filter>소스 파일</Filter>
    </ClCompile>
    <ClCompile Include="Goliath.cpp">
      <Filter>소스 파일\Mechainc</Filter>
    </ClCompile>
    <ClCompile Include="Mechanic.cpp">
      <Filter>소스 파일\Mechainc</Filter>
    </ClCompile>
    <ClCompile Include="Tank.cpp">
      <Filter>소스 파일\Mechainc</Filter>
    </ClCompile>
    <ClCompile Include="Vulture.cpp">
      <Filter>소스 파일\Mechainc</Filter>
    </ClCompile>
    <ClCompile Include="Firebet.cpp">
      <Filter>소스 파일\Barracks</Filter>
    </ClCompile>
    <ClCompile Include="Ghost.cpp">
      <Filter>소스 파일\Barracks</Filter>
    </ClCompile>
    <ClCompile Include="Marine.cpp">
      <Filter>소스 파일\Barracks</Filter>
    </ClCompile>
    <ClCompile Include="Unit.cpp">
      <Filter>소스 파일\Barracks</Filter>
    </ClCompile>
  </ItemGroup>
  <ItemGroup>
    <ClInclude Include="Vulture.h">
      <Filter>헤더 파일\Mechanic</Filter>
    </ClInclude>
    <ClInclude Include="Tank.h">
      <Filter>헤더 파일\Mechanic</Filter>
    </ClInclude>
    <ClInclude Include="Mechanic.h">
      <Filter>헤더 파일\Mechanic</Filter>
    </ClInclude>
    <ClInclude Include="Goliath.h">
      <Filter>헤더 파일\Mechanic</Filter>
    </ClInclude>
    <ClInclude Include="Camera.h">
      <Filter>헤더 파일</Filter>
    </ClInclude>
    <ClInclude Include="Marine.h">
      <Filter>헤더 파일\Barracks</Filter>
    </ClInclude>
    <ClInclude Include="Ghost.h">
      <Filter>헤더 파일\Barracks</Filter>
    </ClInclude>
    <ClInclude Include="Firebet.h">
      <Filter>헤더 파일\Barracks</Filter>
    </ClInclude>
    <ClInclude Include="Unit.h">
      <Filter>헤더 파일\Barracks</Filter>
    </ClInclude>
  </ItemGroup>
</Project>